
Microsoft Visual Studio Solution File, Format Version 12.00
# Visual Studio Version 16
VisualStudioVersion = 16.0.31025.194
MinimumVisualStudioVersion = 10.0.40219.1
Project("{FAE04EC0-301F-11D3-BF4B-00C04F79EFBC}") = "DestinyTokenTracker", "DestinyTokenTracker\DestinyTokenTracker.csproj", "{00045146-69A1-493B-B71A-85EC4DB45519}"
EndProject
Global
	GlobalSection(SolutionConfigurationPlatforms) = preSolution
		Debug|Any CPU = Debug|Any CPU
		Release|Any CPU = Release|Any CPU
	EndGlobalSection
	GlobalSection(ProjectConfigurationPlatforms) = postSolution
		{00045146-69A1-493B-B71A-85EC4DB45519}.Debug|Any CPU.ActiveCfg = Debug|Any CPU
		{00045146-69A1-493B-B71A-85EC4DB45519}.Debug|Any CPU.Build.0 = Debug|Any CPU
		{00045146-69A1-493B-B71A-85EC4DB45519}.Release|Any CPU.ActiveCfg = Release|Any CPU
		{00045146-69A1-493B-B71A-85EC4DB45519}.Release|Any CPU.Build.0 = Release|Any CPU
	EndGlobalSection
	GlobalSection(SolutionProperties) = preSolution
		HideSolutionNode = FALSE
	EndGlobalSection
	GlobalSection(ExtensibilityGlobals) = postSolution
		SolutionGuid = {0E57BC18-1A9A-49AB-90E2-D6084241B545}
	EndGlobalSection
EndGlobal
